
Microsoft Visual Studio Solution File, Format Version 12.00
# Visual Studio Version 16
VisualStudioVersion = 16.0.30413.136
MinimumVisualStudioVersion = 10.0.40219.1
Project("{FAE04EC0-301F-11D3-BF4B-00C04F79EFBC}") = "HospitalCharges", "HospitalCharges\HospitalCharges.csproj", "{9809F080-1ED8-4722-81C4-14932A08B68C}"
EndProject
Project("{FAE04EC0-301F-11D3-BF4B-00C04F79EFBC}") = "HospitalLibrary", "HospitalLibrary\HospitalLibrary.csproj", "{D8ADB225-3236-4AAA-8542-623EA3F3914E}"
EndProject
Global
	GlobalSection(SolutionConfigurationPlatforms) = preSolution
		Debug|Any CPU = Debug|Any CPU
		Release|Any CPU = Release|Any CPU
	EndGlobalSection
	GlobalSection(ProjectConfigurationPlatforms) = postSolution
		{9809F080-1ED8-4722-81C4-14932A08B68C}.Debug|Any CPU.ActiveCfg = Debug|Any CPU
		{9809F080-1ED8-4722-81C4-14932A08B68C}.Debug|Any CPU.Build.0 = Debug|Any CPU
		{9809F080-1ED8-4722-81C4-14932A08B68C}.Release|Any CPU.ActiveCfg = Release|Any CPU
		{9809F080-1ED8-4722-81C4-14932A08B68C}.Release|Any CPU.Build.0 = Release|Any CPU
		{D8ADB225-3236-4AAA-8542-623EA3F3914E}.Debug|Any CPU.ActiveCfg = Debug|Any CPU
		{D8ADB225-3236-4AAA-8542-623EA3F3914E}.Debug|Any CPU.Build.0 = Debug|Any CPU
		{D8ADB225-3236-4AAA-8542-623EA3F3914E}.Release|Any CPU.ActiveCfg = Release|Any CPU
		{D8ADB225-3236-4AAA-8542-623EA3F3914E}.Release|Any CPU.Build.0 = Release|Any CPU
	EndGlobalSection
	GlobalSection(SolutionProperties) = preSolution
		HideSolutionNode = FALSE
	EndGlobalSection
	GlobalSection(ExtensibilityGlobals) = postSolution
		SolutionGuid = {9C1188C4-CBBB-4539-A3B6-ED68F59C1DE4}
	EndGlobalSection
EndGlobal
