
Microsoft Visual Studio Solution File, Format Version 12.00
# Visual Studio Version 16
VisualStudioVersion = 16.0.29409.12
MinimumVisualStudioVersion = 10.0.40219.1
Project("{FAE04EC0-301F-11D3-BF4B-00C04F79EFBC}") = "ConsoleUI", "ConsoleUI\ConsoleUI.csproj", "{BACEAC8C-8401-4158-8780-EC3BD2141343}"
EndProject
Project("{FAE04EC0-301F-11D3-BF4B-00C04F79EFBC}") = "DistanceLibrary", "DistanceLibrary\DistanceLibrary.csproj", "{F8DA32CA-B46B-4675-90BA-898D5CB58C4E}"
EndProject
Global
	GlobalSection(SolutionConfigurationPlatforms) = preSolution
		Debug|Any CPU = Debug|Any CPU
		Release|Any CPU = Release|Any CPU
	EndGlobalSection
	GlobalSection(ProjectConfigurationPlatforms) = postSolution
		{BACEAC8C-8401-4158-8780-EC3BD2141343}.Debug|Any CPU.ActiveCfg = Debug|Any CPU
		{BACEAC8C-8401-4158-8780-EC3BD2141343}.Debug|Any CPU.Build.0 = Debug|Any CPU
		{BACEAC8C-8401-4158-8780-EC3BD2141343}.Release|Any CPU.ActiveCfg = Release|Any CPU
		{BACEAC8C-8401-4158-8780-EC3BD2141343}.Release|Any CPU.Build.0 = Release|Any CPU
		{F8DA32CA-B46B-4675-90BA-898D5CB58C4E}.Debug|Any CPU.ActiveCfg = Debug|Any CPU
		{F8DA32CA-B46B-4675-90BA-898D5CB58C4E}.Debug|Any CPU.Build.0 = Debug|Any CPU
		{F8DA32CA-B46B-4675-90BA-898D5CB58C4E}.Release|Any CPU.ActiveCfg = Release|Any CPU
		{F8DA32CA-B46B-4675-90BA-898D5CB58C4E}.Release|Any CPU.Build.0 = Release|Any CPU
	EndGlobalSection
	GlobalSection(SolutionProperties) = preSolution
		HideSolutionNode = FALSE
	EndGlobalSection
	GlobalSection(ExtensibilityGlobals) = postSolution
		SolutionGuid = {EC72CBF7-EAF9-45D8-9973-D3C876386AD2}
	EndGlobalSection
EndGlobal
